<?xml version="1.0" encoding="utf-8"?>
<Project ToolsVersion="4.0" xmlns="http://schemas.microsoft.com/developer/msbuild/2003">
  <ItemGroup>
    <Filter Include="Source Files">
      <UniqueIdentifier>{4FC737F1-C7A5-4376-A066-2A32D752A2FF}</UniqueIdentifier>
      <Extensions>cpp;c;cc;cxx;def;odl;idl;hpj;bat;asm;asmx</Extensions>
    </Filter>
    <Filter Include="Header Files">
      <UniqueIdentifier>{93995380-89BD-4b04-88EB-625FBE52EBFB}</UniqueIdentifier>
      <Extensions>h;hpp;hxx;hm;inl;inc;xsd</Extensions>
    </Filter>
    <Filter Include="Resource Files">
      <UniqueIdentifier>{67DA6AB6-F800-4c08-8B7A-83BB121AAD01}</UniqueIdentifier>
      <Extensions>rc;ico;cur;bmp;dlg;rc2;rct;bin;rgs;gif;jpg;jpeg;jpe;resx;tiff;tif;png;wav;mfcribbon-ms</Extensions>
    </Filter>
    <Filter Include="Header Files\SDL">
      <UniqueIdentifier>{91121dd3-06d2-4465-8ea0-fbc1d3971840}</UniqueIdentifier>
    </Filter>
    <Filter Include="Source Files\SDL">
      <UniqueIdentifier>{4f6e953a-f081-41fa-b0db-61a3c4e9c29b}</UniqueIdentifier>
    </Filter>
    <Filter Include="Source Files\Maths">
      <UniqueIdentifier>{9c2a3212-aca5-4cc7-9ffe-543fbcb75f60}</UniqueIdentifier>
    </Filter>
    <Filter Include="Source Files\Draw">
      <UniqueIdentifier>{ecfb14e4-daea-4394-8d29-877ea8a0ff0d}</UniqueIdentifier>
    </Filter>
    <Filter Include="Header Files\Draw">
      <UniqueIdentifier>{6acc1490-5ed5-4866-a4b2-32f7cbdef9b9}</UniqueIdentifier>
    </Filter>
    <Filter Include="Header Files\Maths">
      <UniqueIdentifier>{3b7bdf18-9e0e-44dc-bb1c-78c426654a03}</UniqueIdentifier>
    </Filter>
    <Filter Include="Header Files\QuadTree">
      <UniqueIdentifier>{4efc6bf4-39f4-484a-926c-e9626bcab261}</UniqueIdentifier>
    </Filter>
    <Filter Include="Source Files\QuadTree">
      <UniqueIdentifier>{0abe6e00-8fb5-4300-88fe-9900ed37f5df}</UniqueIdentifier>
    </Filter>
    <Filter Include="Header Files\AABBTree">
      <UniqueIdentifier>{4c9df528-14d7-42c8-9738-ca96eebee5b0}</UniqueIdentifier>
    </Filter>
    <Filter Include="Source Files\AABBTree">
      <UniqueIdentifier>{888359f1-9dfa-4833-81e4-e2c4d7e2d1b2}</UniqueIdentifier>
    </Filter>
  </ItemGroup>
  <ItemGroup>
    <ClCompile Include="Main.cpp">
      <Filter>Source Files</Filter>
    </ClCompile>
    <ClCompile Include="Game.cpp">
      <Filter>Source Files</Filter>
    </ClCompile>
    <ClCompile Include="Renderer.cpp">
      <Filter>Source Files\SDL</Filter>
    </ClCompile>
    <ClCompile Include="Window.cpp">
      <Filter>Source Files\SDL</Filter>
    </ClCompile>
    <ClCompile Include="Vector2.cpp">
      <Filter>Source Files\Maths</Filter>
    </ClCompile>
    <ClCompile Include="Font.cpp">
      <Filter>Source Files\SDL</Filter>
    </ClCompile>
    <ClCompile Include="Texture.cpp">
      <Filter>Source Files\SDL</Filter>
    </ClCompile>
    <ClCompile Include="Text.cpp">
      <Filter>Source Files\Draw</Filter>
    </ClCompile>
    <ClCompile Include="Sprite.cpp">
      <Filter>Source Files\Draw</Filter>
    </ClCompile>
    <ClCompile Include="Collider.cpp">
      <Filter>Source Files</Filter>
    </ClCompile>
    <ClCompile Include="CollisionManager.cpp">
      <Filter>Source Files</Filter>
    </ClCompile>
    <ClCompile Include="Polygon.cpp">
      <Filter>Source Files</Filter>
    </ClCompile>
    <ClCompile Include="Circle.cpp">
      <Filter>Source Files</Filter>
    </ClCompile>
    <ClCompile Include="Plane.cpp">
      <Filter>Source Files</Filter>
    </ClCompile>
    <ClCompile Include="QuadTree.cpp">
      <Filter>Source Files\QuadTree</Filter>
    </ClCompile>
    <ClCompile Include="QuadTreeNode.cpp">
      <Filter>Source Files\QuadTree</Filter>
    </ClCompile>
    <ClCompile Include="Rect.cpp">
      <Filter>Source Files</Filter>
    </ClCompile>
    <ClCompile Include="AABBTree.cpp">
      <Filter>Source Files\AABBTree</Filter>
    </ClCompile>
    <ClCompile Include="AABBTreeNode.cpp">
      <Filter>Source Files\AABBTree</Filter>
    </ClCompile>
    <ClCompile Include="QuadTreeItem.cpp">
      <Filter>Source Files\QuadTree</Filter>
    </ClCompile>
    <ClCompile Include="ItemCollider.cpp">
      <Filter>Source Files\QuadTree</Filter>
    </ClCompile>
    <ClCompile Include="Range.cpp">
      <Filter>Source Files</Filter>
    </ClCompile>
    <ClCompile Include="AABBTreeItem.cpp">
      <Filter>Source Files\AABBTree</Filter>
    </ClCompile>
    <ClCompile Include="AABBTreeItemCollider.cpp">
      <Filter>Source Files\AABBTree</Filter>
    </ClCompile>
    <ClCompile Include="SDL_Functions.cpp">
      <Filter>Source Files\SDL</Filter>
    </ClCompile>
  </ItemGroup>
  <ItemGroup>
    <ClInclude Include="Game.h">
      <Filter>Header Files</Filter>
    </ClInclude>
    <ClInclude Include="Renderer.h">
      <Filter>Header Files\SDL</Filter>
    </ClInclude>
    <ClInclude Include="Window.h">
      <Filter>Header Files\SDL</Filter>
    </ClInclude>
    <ClInclude Include="Vector2.h">
      <Filter>Header Files\Maths</Filter>
    </ClInclude>
    <ClInclude Include="Font.h">
      <Filter>Header Files\SDL</Filter>
    </ClInclude>
    <ClInclude Include="Texture.h">
      <Filter>Header Files\SDL</Filter>
    </ClInclude>
    <ClInclude Include="Maths.h">
      <Filter>Header Files\Maths</Filter>
    </ClInclude>
    <ClInclude Include="Sprite.h">
      <Filter>Header Files\Draw</Filter>
    </ClInclude>
    <ClInclude Include="Text.h">
      <Filter>Header Files\Draw</Filter>
    </ClInclude>
    <ClInclude Include="Collider.h">
      <Filter>Header Files</Filter>
    </ClInclude>
    <ClInclude Include="CollisionManager.h">
      <Filter>Header Files</Filter>
    </ClInclude>
    <ClInclude Include="Polygon.h">
      <Filter>Header Files</Filter>
    </ClInclude>
    <ClInclude Include="CollisionData.h">
      <Filter>Header Files</Filter>
    </ClInclude>
    <ClInclude Include="Circle.h">
      <Filter>Header Files</Filter>
    </ClInclude>
    <ClInclude Include="Plane.h">
      <Filter>Header Files</Filter>
    </ClInclude>
    <ClInclude Include="QuadTreeNode.h">
      <Filter>Header Files\QuadTree</Filter>
    </ClInclude>
    <ClInclude Include="QuadTree.h">
      <Filter>Header Files\QuadTree</Filter>
    </ClInclude>
    <ClInclude Include="Rect.h">
      <Filter>Header Files</Filter>
    </ClInclude>
    <ClInclude Include="AABBTree.h">
      <Filter>Header Files\AABBTree</Filter>
    </ClInclude>
    <ClInclude Include="QuadTreeItem.h">
      <Filter>Header Files\QuadTree</Filter>
    </ClInclude>
    <ClInclude Include="ItemCollider.h">
      <Filter>Header Files\QuadTree</Filter>
    </ClInclude>
    <ClInclude Include="ColliderPair.h">
      <Filter>Header Files</Filter>
    </ClInclude>
    <ClInclude Include="Range.h">
      <Filter>Header Files</Filter>
    </ClInclude>
    <ClInclude Include="AABBTreeNode.h">
      <Filter>Header Files\AABBTree</Filter>
    </ClInclude>
    <ClInclude Include="AABBTreeItem.h">
      <Filter>Header Files\AABBTree</Filter>
    </ClInclude>
    <ClInclude Include="AABBTreeItemCollider.h">
      <Filter>Header Files\AABBTree</Filter>
    </ClInclude>
    <ClInclude Include="SDL_Functions.h">
      <Filter>Header Files\SDL</Filter>
    </ClInclude>
  </ItemGroup>
</Project>